
Microsoft Visual Studio Solution File, Format Version 12.00
# Visual Studio Version 17
VisualStudioVersion = 17.8.34330.188
MinimumVisualStudioVersion = 10.0.40219.1
Project("{FAE04EC0-301F-11D3-BF4B-00C04F79EFBC}") = "UltimateBattleSimulator", "UltimateBattleSimulator\UltimateBattleSimulator.csproj", "{F981E469-D12F-447A-8BE8-E235F6E2AD66}"
EndProject
Global
	GlobalSection(SolutionConfigurationPlatforms) = preSolution
		Debug|Any CPU = Debug|Any CPU
		Release|Any CPU = Release|Any CPU
	EndGlobalSection
	GlobalSection(ProjectConfigurationPlatforms) = postSolution
		{F981E469-D12F-447A-8BE8-E235F6E2AD66}.Debug|Any CPU.ActiveCfg = Debug|Any CPU
		{F981E469-D12F-447A-8BE8-E235F6E2AD66}.Debug|Any CPU.Build.0 = Debug|Any CPU
		{F981E469-D12F-447A-8BE8-E235F6E2AD66}.Release|Any CPU.ActiveCfg = Release|Any CPU
		{F981E469-D12F-447A-8BE8-E235F6E2AD66}.Release|Any CPU.Build.0 = Release|Any CPU
	EndGlobalSection
	GlobalSection(SolutionProperties) = preSolution
		HideSolutionNode = FALSE
	EndGlobalSection
	GlobalSection(ExtensibilityGlobals) = postSolution
		SolutionGuid = {631BD807-FFF0-4EFD-A5F3-D1BA9AF25214}
	EndGlobalSection
EndGlobal
